// !$*UTF8*$!
{
	archiveVersion = 1;
	classes = {
	};
	objectVersion = 46;
	objects = {

/* Begin PBXBuildFile section */
		18B6EDFD1CF6C17C003AB771 /* AppDelegate.swift in Sources */ = {isa = PBXBuildFile; fileRef = 18B6EDFC1CF6C17C003AB771 /* AppDelegate.swift */; };
		18B6EDFF1CF6C17C003AB771 /* ViewController.swift in Sources */ = {isa = PBXBuildFile; fileRef = 18B6EDFE1CF6C17C003AB771 /* ViewController.swift */; };
		18B6EE021CF6C17C003AB771 /* Main.storyboard in Resources */ = {isa = PBXBuildFile; fileRef = 18B6EE001CF6C17C003AB771 /* Main.storyboard */; };
		18B6EE041CF6C17C003AB771 /* Assets.xcassets in Resources */ = {isa = PBXBuildFile; fileRef = 18B6EE031CF6C17C003AB771 /* Assets.xcassets */; };
		18B6EE071CF6C17C003AB771 /* LaunchScreen.storyboard in Resources */ = {isa = PBXBuildFile; fileRef = 18B6EE051CF6C17C003AB771 /* LaunchScreen.storyboard */; };
/* End PBXBuildFile section */

/* Begin PBXFileReference section */
		18B6EDF91CF6C17C003AB771 /* YScrollView.app */ = {isa = PBXFileReference; explicitFileType = wrapper.application; includeInIndex = 0; path = YScrollView.app; sourceTree = BUILT_PRODUCTS_DIR; };
		18B6EDFC1CF6C17C003AB771 /* AppDelegate.swift */ = {isa = PBXFileReference; lastKnownFileType = sourcecode.swift; path = AppDelegate.swift; sourceTree = "<group>"; };
		18B6EDFE1CF6C17C003AB771 /* ViewController.swift */ = {isa = PBXFileReference; lastKnownFileType = sourcecode.swift; path = ViewController.swift; sourceTree = "<group>"; };
		18B6EE011CF6C17C003AB771 /* Base */ = {isa = PBXFileReference; lastKnownFileType = file.storyboard; name = Base; path = Base.lproj/Main.storyboard; sourceTree = "<group>"; };
		18B6EE031CF6C17C003AB771 /* Assets.xcassets */ = {isa = PBXFileReference; lastKnownFileType = folder.assetcatalog; path = Assets.xcassets; sourceTree = "<group>"; };
		18B6EE061CF6C17C003AB771 /* Base */ = {isa = PBXFileReference; lastKnownFileType = file.storyboard; name = Base; path = Base.lproj/LaunchScreen.storyboard; sourceTree = "<group>"; };
		18B6EE081CF6C17C003AB771 /* Info.plist */ = {isa = PBXFileReference; lastKnownFileType = text.plist.xml; path = Info.plist; sourceTree = "<group>"; };
/* End PBXFileReference section */

/* Begin PBXFrameworksBuildPhase section */
		18B6EDF61CF6C17C003AB771 /* Frameworks */ = {
			isa = PBXFrameworksBuildPhase;
			buildActionMask = 2147483647;
			files = (
			);
			runOnlyForDeploymentPostprocessing = 0;
		};
/* End PBXFrameworksBuildPhase section */

/* Begin PBXGroup section */
		18B6EDF01CF6C17C003AB771 = {
			isa = PBXGroup;
			children = (
				18B6EDFB1CF6C17C003AB771 /* YScrollView */,
				18B6EDFA1CF6C17C003AB771 /* Products */,
			);
			sourceTree = "<group>";
		};
		18B6EDFA1CF6C17C003AB771 /* Products */ = {
			isa = PBXGroup;
			children = (
				18B6EDF91CF6C17C003AB771 /* YScrollView.app */,
			);
			name = Products;
			sourceTree = "<group>";
		};
		18B6EDFB1CF6C17C003AB771 /* YScrollView */ = {
			isa = PBXGroup;
			children = (
				18B6EDFC1CF6C17C003AB771 /* AppDelegate.swift */,
				18B6EDFE1CF6C17C003AB771 /* ViewController.swift */,
				18B6EE001CF6C17C003AB771 /* Main.storyboard */,
				18B6EE031CF6C17C003AB771 /* Assets.xcassets */,
				18B6EE051CF6C17C003AB771 /* LaunchScreen.storyboard */,
				18B6EE081CF6C17C003AB771 /* Info.plist */,
			);
			path = YScrollView;
			sourceTree = "<group>";
		};
/* End PBXGroup section */

/* Begin PBXNativeTarget section */
		18B6EDF81CF6C17C003AB771 /* YScrollView */ = {
			isa = PBXNativeTarget;
			buildConfigurationList = 18B6EE0B1CF6C17C003AB771 /* Build configuration list for PBXNativeTarget "YScrollView" */;
			buildPhases = (
				18B6EDF51CF6C17C003AB771 /* Sources */,
				18B6EDF61CF6C17C003AB771 /* Frameworks */,
				18B6EDF71CF6C17C003AB771 /* Resources */,
			);
			buildRules = (
			);
			dependencies = (
			);
			name = YScrollView;
			productName = YScrollView;
			productReference = 18B6EDF91CF6C17C003AB771 /* YScrollView.app */;
			productType = "com.apple.product-type.application";
		};
/* End PBXNativeTarget section */

/* Begin PBXProject section */
		18B6EDF11CF6C17C003AB771 /* Project object */ = {
			isa = PBXProject;
			attributes = {
				LastSwiftUpdateCheck = 0730;
				LastUpgradeCheck = 0730;
				ORGANIZATIONNAME = bg;
				TargetAttributes = {
					18B6EDF81CF6C17C003AB771 = {
						CreatedOnToolsVersion = 7.3;
					};
				};
			};
			buildConfigurationList = 18B6EDF41CF6C17C003AB771 /* Build configuration list for PBXProject "YScrollView" */;
			compatibilityVersion = "Xcode 3.2";
			developmentRegion = English;
			hasScannedForEncodings = 0;
			knownRegions = (
				en,
				Base,
			);
			mainGroup = 18B6EDF01CF6C17C003AB771;
			productRefGroup = 18B6EDFA1CF6C17C003AB771 /* Products */;
			projectDirPath = "";
			projectRoot = "";
			targets = (
				18B6EDF81CF6C17C003AB771 /* YScrollView */,
			);
		};
/* End PBXProject section */

/* Begin PBXResourcesBuildPhase section */
		18B6EDF71CF6C17C003AB771 /* Resources */ = {
			isa = PBXResourcesBuildPhase;
			buildActionMask = 2147483647;
			files = (
				18B6EE071CF6C17C003AB771 /* LaunchScreen.storyboard in Resources */,
				18B6EE041CF6C17C003AB771 /* Assets.xcassets in Resources */,
				18B6EE021CF6C17C003AB771 /* Main.storyboard in Resources */,
			);
			runOnlyForDeploymentPostprocessing = 0;
		};
/* End PBXResourcesBuildPhase section */

/* Begin PBXSourcesBuildPhase section */
		18B6EDF51CF6C17C003AB771 /* Sources */ = {
			isa = PBXSourcesBuildPhase;
			buildActionMask = 2147483647;
			files = (
				18B6EDFF1CF6C17C003AB771 /* ViewController.swift in Sources */,
				18B6EDFD1CF6C17C003AB771 /* AppDelegate.swift in Sources */,
			);
			runOnlyForDeploymentPostprocessing = 0;
		};
/* End PBXSourcesBuildPhase section */

/* Begin PBXVariantGroup section */
		18B6EE001CF6C17C003AB771 /* Main.storyboard */ = {
			isa = PBXVariantGroup;
			children = (
				18B6EE011CF6C17C003AB771 /* Base */,
			);
			name = Main.storyboard;
			sourceTree = "<group>";
		};
		18B6EE051CF6C17C003AB771 /* LaunchScreen.storyboard */ = {
			isa = PBXVariantGroup;
			children = (
				18B6EE061CF6C17C003AB771 /* Base */,
			);
			name = LaunchScreen.storyboard;
			sourceTree = "<group>";
		};
/* End PBXVariantGroup section */

/* Begin XCBuildConfiguration section */
		18B6EE091CF6C17C003AB771 /* Debug */ = {
			isa = XCBuildConfiguration;
			buildSettings = {
				ALWAYS_SEARCH_USER_PATHS = NO;
				CLANG_ANALYZER_NONNULL = YES;
				CLANG_CXX_LANGUAGE_STANDARD = "gnu++0x";
				CLANG_CXX_LIBRARY = "libc++";
				CLANG_ENABLE_MODULES = YES;
				CLANG_ENABLE_OBJC_ARC = YES;
				CLANG_WARN_BOOL_CONVERSION = YES;
				CLANG_WARN_CONSTANT_CONVERSION = YES;
				CLANG_WARN_DIRECT_OBJC_ISA_USAGE = YES_ERROR;
				CLANG_WARN_EMPTY_BODY = YES;
				CLANG_WARN_ENUM_CONVERSION = YES;
				CLANG_WARN_INT_CONVERSION = YES;
				CLANG_WARN_OBJC_ROOT_CLASS = YES_ERROR;
				CLANG_WARN_UNREACHABLE_CODE = YES;
				CLANG_WARN__DUPLICATE_METHOD_MATCH = YES;
				"CODE_SIGN_IDENTITY[sdk=iphoneos*]" = "iPhone Developer";
				COPY_PHASE_STRIP = NO;
				DEBUG_INFORMATION_FORMAT = dwarf;
				ENABLE_STRICT_OBJC_MSGSEND = YES;
				ENABLE_TESTABILITY = YES;
				GCC_C_LANGUAGE_STANDARD = gnu99;
				GCC_DYNAMIC_NO_PIC = NO;
				GCC_NO_COMMON_BLOCKS = YES;
				GCC_OPTIMIZATION_LEVEL = 0;
				GCC_PREPROCESSOR_DEFINITIONS = (
					"DEBUG=1",
					"$(inherited)",
				);
				GCC_WARN_64_TO_32_BIT_CONVERSION = YES;
				GCC_WARN_ABOUT_RETURN_TYPE = YES_ERROR;
				GCC_WARN_UNDECLARED_SELECTOR = YES;
				GCC_WARN_UNINITIALIZED_AUTOS = YES_AGGRESSIVE;
				GCC_WARN_UNUSED_FUNCTION = YES;
				GCC_WARN_UNUSED_VARIABLE = YES;
				IPHONEOS_DEPLOYMENT_TARGET = 9.3;
				MTL_ENABLE_DEBUG_INFO = YES;
				ONLY_ACTIVE_ARCH = YES;
				SDKROOT = iphoneos;
				SWIFT_OPTIMIZATION_LEVEL = "-Onone";
			};
			name = Debug;
		};
		18B6EE0A1CF6C17C003AB771 /* Release */ = {
			isa = XCBuildConfiguration;
			buildSettings = {
				ALWAYS_SEARCH_USER_PATHS = NO;
				CLANG_ANALYZER_NONNULL = YES;
				CLANG_CXX_LANGUAGE_STANDARD = "gnu++0x";
				CLANG_CXX_LIBRARY = "libc++";
				CLANG_ENABLE_MODULES = YES;
				CLANG_ENABLE_OBJC_ARC = YES;
				CLANG_WARN_BOOL_CONVERSION = YES;
				CLANG_WARN_CONSTANT_CONVERSION = YES;
				CLANG_WARN_DIRECT_OBJC_ISA_USAGE = YES_ERROR;
				CLANG_WARN_EMPTY_BODY = YES;
				CLANG_WARN_ENUM_CONVERSION = YES;
				CLANG_WARN_INT_CONVERSION = YES;
				CLANG_WARN_OBJC_ROOT_CLASS = YES_ERROR;
				CLANG_WARN_UNREACHABLE_CODE = YES;
				CLANG_WARN__DUPLICATE_METHOD_MATCH = YES;
				"CODE_SIGN_IDENTITY[sdk=iphoneos*]" = "iPhone Developer";
				COPY_PHASE_STRIP = NO;
				DEBUG_INFORMATION_FORMAT = "dwarf-with-dsym";
				ENABLE_NS_ASSERTIONS = NO;
				ENABLE_STRICT_OBJC_MSGSEND = YES;
				GCC_C_LANGUAGE_STANDARD = gnu99;
				GCC_NO_COMMON_BLOCKS = YES;
				GCC_WARN_64_TO_32_BIT_CONVERSION = YES;
				GCC_WARN_ABOUT_RETURN_TYPE = YES_ERROR;
				GCC_WARN_UNDECLARED_SELECTOR = YES;
				GCC_WARN_UNINITIALIZED_AUTOS = YES_AGGRESSIVE;
				GCC_WARN_UNUSED_FUNCTION = YES;
				GCC_WARN_UNUSED_VARIABLE = YES;
				IPHONEOS_DEPLOYMENT_TARGET = 9.3;
				MTL_ENABLE_DEBUG_INFO = NO;
				SDKROOT = iphoneos;
				VALIDATE_PRODUCT = YES;
			};
			name = Release;
		};
		18B6EE0C1CF6C17C003AB771 /* Debug */ = {
			isa = XCBuildConfiguration;
			buildSettings = {
				ASSETCATALOG_COMPILER_APPICON_NAME = AppIcon;
				INFOPLIST_FILE = YScrollView/Info.plist;
				LD_RUNPATH_SEARCH_PATHS = "$(inherited) @executable_path/Frameworks";
				PRODUCT_BUNDLE_IDENTIFIER = com.bg.YScrollView;
				PRODUCT_NAME = "$(TARGET_NAME)";
			};
			name = Debug;
		};
		18B6EE0D1CF6C17C003AB771 /* Release */ = {
			isa = XCBuildConfiguration;
			buildSettings = {
				ASSETCATALOG_COMPILER_APPICON_NAME = AppIcon;
				INFOPLIST_FILE = YScrollView/Info.plist;
				LD_RUNPATH_SEARCH_PATHS = "$(inherited) @executable_path/Frameworks";
				PRODUCT_BUNDLE_IDENTIFIER = com.bg.YScrollView;
				PRODUCT_NAME = "$(TARGET_NAME)";
			};
			name = Release;
		};
/* End XCBuildConfiguration section */

/* Begin XCConfigurationList section */
		18B6EDF41CF6C17C003AB771 /* Build configuration list for PBXProject "YScrollView" */ = {
			isa = XCConfigurationList;
			buildConfigurations = (
				18B6EE091CF6C17C003AB771 /* Debug */,
				18B6EE0A1CF6C17C003AB771 /* Release */,
			);
			defaultConfigurationIsVisible = 0;
			defaultConfigurationName = Release;
		};
		18B6EE0B1CF6C17C003AB771 /* Build configuration list for PBXNativeTarget "YScrollView" */ = {
			isa = XCConfigurationList;
			buildConfigurations = (
				18B6EE0C1CF6C17C003AB771 /* Debug */,
				18B6EE0D1CF6C17C003AB771 /* Release */,
			);
			defaultConfigurationIsVisible = 0;
		};
/* End XCConfigurationList section */
	};
	rootObject = 18B6EDF11CF6C17C003AB771 /* Project object */;
}
